
Microsoft Visual Studio Solution File, Format Version 12.00
# Visual Studio 15
VisualStudioVersion = 15.0.27703.2042
MinimumVisualStudioVersion = 10.0.40219.1
Project("{FAE04EC0-301F-11D3-BF4B-00C04F79EFBC}") = "Iris", "Iris\Iris.csproj", "{D3051049-DCD8-442D-8DBD-5FD0CE5F981E}"
EndProject
Global
	GlobalSection(SolutionConfigurationPlatforms) = preSolution
		Debug|Any CPU = Debug|Any CPU
		Release|Any CPU = Release|Any CPU
	EndGlobalSection
	GlobalSection(ProjectConfigurationPlatforms) = postSolution
		{D3051049-DCD8-442D-8DBD-5FD0CE5F981E}.Debug|Any CPU.ActiveCfg = Debug|Any CPU
		{D3051049-DCD8-442D-8DBD-5FD0CE5F981E}.Debug|Any CPU.Build.0 = Debug|Any CPU
		{D3051049-DCD8-442D-8DBD-5FD0CE5F981E}.Release|Any CPU.ActiveCfg = Release|Any CPU
		{D3051049-DCD8-442D-8DBD-5FD0CE5F981E}.Release|Any CPU.Build.0 = Release|Any CPU
	EndGlobalSection
	GlobalSection(SolutionProperties) = preSolution
		HideSolutionNode = FALSE
	EndGlobalSection
	GlobalSection(ExtensibilityGlobals) = postSolution
		SolutionGuid = {70DAAAAE-E180-4FE1-8030-0806982784AD}
	EndGlobalSection
EndGlobal
